
Microsoft Visual Studio Solution File, Format Version 12.00
# Visual Studio Version 17
VisualStudioVersion = 17.9.34701.34
MinimumVisualStudioVersion = 10.0.40219.1
Project("{8BC9CEB8-8B4A-11D0-8D11-00A0C91BC942}") = "Internal", "Internal.vcxproj", "{52905D60-D496-4AA2-8FCA-E846CF76622C}"
EndProject
Global
	GlobalSection(SolutionConfigurationPlatforms) = preSolution
		Debug|x64 = Debug|x64
		Debug|x86 = Debug|x86
		Release|x64 = Release|x64
		Release|x86 = Release|x86
	EndGlobalSection
	GlobalSection(ProjectConfigurationPlatforms) = postSolution
		{52905D60-D496-4AA2-8FCA-E846CF76622C}.Debug|x64.ActiveCfg = Debug|x64
		{52905D60-D496-4AA2-8FCA-E846CF76622C}.Debug|x64.Build.0 = Debug|x64
		{52905D60-D496-4AA2-8FCA-E846CF76622C}.Debug|x86.ActiveCfg = Debug|Win32
		{52905D60-D496-4AA2-8FCA-E846CF76622C}.Debug|x86.Build.0 = Debug|Win32
		{52905D60-D496-4AA2-8FCA-E846CF76622C}.Release|x64.ActiveCfg = Release|x64
		{52905D60-D496-4AA2-8FCA-E846CF76622C}.Release|x64.Build.0 = Release|x64
		{52905D60-D496-4AA2-8FCA-E846CF76622C}.Release|x86.ActiveCfg = Release|Win32
		{52905D60-D496-4AA2-8FCA-E846CF76622C}.Release|x86.Build.0 = Release|Win32
	EndGlobalSection
	GlobalSection(SolutionProperties) = preSolution
		HideSolutionNode = FALSE
	EndGlobalSection
	GlobalSection(ExtensibilityGlobals) = postSolution
		SolutionGuid = {13C5E254-E76E-4440-96DF-BB2A6CE516E6}
	EndGlobalSection
EndGlobal
